
Microsoft Visual Studio Solution File, Format Version 12.00
# Visual Studio Version 16
VisualStudioVersion = 16.0.30320.27
MinimumVisualStudioVersion = 10.0.40219.1
Project("{9A19103F-16F7-4668-BE54-9A1E7A4F7556}") = "SimpleTaxCalculator", "SimpleTaxCalculator\SimpleTaxCalculator.csproj", "{CE4C9742-6FF9-43C9-8B08-971C499A8FB6}"
EndProject
Project("{FAE04EC0-301F-11D3-BF4B-00C04F79EFBC}") = "TaxCalculatorTest", "TaxCalculatorTest\TaxCalculatorTest.csproj", "{4EA19B38-F79B-4D60-B40F-D33D8395F985}"
EndProject
Global
	GlobalSection(SolutionConfigurationPlatforms) = preSolution
		Debug|Any CPU = Debug|Any CPU
		Release|Any CPU = Release|Any CPU
	EndGlobalSection
	GlobalSection(ProjectConfigurationPlatforms) = postSolution
		{CE4C9742-6FF9-43C9-8B08-971C499A8FB6}.Debug|Any CPU.ActiveCfg = Debug|Any CPU
		{CE4C9742-6FF9-43C9-8B08-971C499A8FB6}.Debug|Any CPU.Build.0 = Debug|Any CPU
		{CE4C9742-6FF9-43C9-8B08-971C499A8FB6}.Release|Any CPU.ActiveCfg = Release|Any CPU
		{CE4C9742-6FF9-43C9-8B08-971C499A8FB6}.Release|Any CPU.Build.0 = Release|Any CPU
		{4EA19B38-F79B-4D60-B40F-D33D8395F985}.Debug|Any CPU.ActiveCfg = Debug|Any CPU
		{4EA19B38-F79B-4D60-B40F-D33D8395F985}.Debug|Any CPU.Build.0 = Debug|Any CPU
		{4EA19B38-F79B-4D60-B40F-D33D8395F985}.Release|Any CPU.ActiveCfg = Release|Any CPU
		{4EA19B38-F79B-4D60-B40F-D33D8395F985}.Release|Any CPU.Build.0 = Release|Any CPU
	EndGlobalSection
	GlobalSection(SolutionProperties) = preSolution
		HideSolutionNode = FALSE
	EndGlobalSection
	GlobalSection(ExtensibilityGlobals) = postSolution
		SolutionGuid = {BCC93FE4-7E8D-477C-85F1-34DD2C7407DA}
	EndGlobalSection
EndGlobal
